
Microsoft Visual Studio Solution File, Format Version 12.00
# Visual Studio Version 17
VisualStudioVersion = 17.8.34330.188
MinimumVisualStudioVersion = 10.0.40219.1
Project("{FAE04EC0-301F-11D3-BF4B-00C04F79EFBC}") = "Bottelegram", "Bottelegram\Bottelegram.csproj", "{97D6C91E-9E75-4B0F-BC2A-374A25BA3C37}"
EndProject
Global
	GlobalSection(SolutionConfigurationPlatforms) = preSolution
		Debug|Any CPU = Debug|Any CPU
		Release|Any CPU = Release|Any CPU
	EndGlobalSection
	GlobalSection(ProjectConfigurationPlatforms) = postSolution
		{97D6C91E-9E75-4B0F-BC2A-374A25BA3C37}.Debug|Any CPU.ActiveCfg = Debug|Any CPU
		{97D6C91E-9E75-4B0F-BC2A-374A25BA3C37}.Debug|Any CPU.Build.0 = Debug|Any CPU
		{97D6C91E-9E75-4B0F-BC2A-374A25BA3C37}.Release|Any CPU.ActiveCfg = Release|Any CPU
		{97D6C91E-9E75-4B0F-BC2A-374A25BA3C37}.Release|Any CPU.Build.0 = Release|Any CPU
	EndGlobalSection
	GlobalSection(SolutionProperties) = preSolution
		HideSolutionNode = FALSE
	EndGlobalSection
	GlobalSection(ExtensibilityGlobals) = postSolution
		SolutionGuid = {5A78F13E-2BDD-49CA-BE0E-7142E8A0E8F7}
	EndGlobalSection
EndGlobal
